
Microsoft Visual Studio Solution File, Format Version 12.00
# Visual Studio 15
VisualStudioVersion = 15.0.28307.102
MinimumVisualStudioVersion = 10.0.40219.1
Project("{8BC9CEB8-8B4A-11D0-8D11-00A0C91BC942}") = "interval-map", "interval-map.vcxproj", "{3DB3D7BF-1CCB-4571-9A7C-140F4A68740B}"
EndProject
Global
	GlobalSection(SolutionConfigurationPlatforms) = preSolution
		Debug|x64 = Debug|x64
		Debug|x86 = Debug|x86
		Release|x64 = Release|x64
		Release|x86 = Release|x86
	EndGlobalSection
	GlobalSection(ProjectConfigurationPlatforms) = postSolution
		{3DB3D7BF-1CCB-4571-9A7C-140F4A68740B}.Debug|x64.ActiveCfg = Debug|x64
		{3DB3D7BF-1CCB-4571-9A7C-140F4A68740B}.Debug|x64.Build.0 = Debug|x64
		{3DB3D7BF-1CCB-4571-9A7C-140F4A68740B}.Debug|x86.ActiveCfg = Debug|Win32
		{3DB3D7BF-1CCB-4571-9A7C-140F4A68740B}.Debug|x86.Build.0 = Debug|Win32
		{3DB3D7BF-1CCB-4571-9A7C-140F4A68740B}.Release|x64.ActiveCfg = Release|x64
		{3DB3D7BF-1CCB-4571-9A7C-140F4A68740B}.Release|x64.Build.0 = Release|x64
		{3DB3D7BF-1CCB-4571-9A7C-140F4A68740B}.Release|x86.ActiveCfg = Release|Win32
		{3DB3D7BF-1CCB-4571-9A7C-140F4A68740B}.Release|x86.Build.0 = Release|Win32
	EndGlobalSection
	GlobalSection(SolutionProperties) = preSolution
		HideSolutionNode = FALSE
	EndGlobalSection
	GlobalSection(ExtensibilityGlobals) = postSolution
		SolutionGuid = {021AA69E-BF52-42E0-8B36-F4FEA073BBED}
	EndGlobalSection
EndGlobal
